// !$*UTF8*$!
{
	archiveVersion = 1;
	classes = {
	};
	objectVersion = 50;
	objects = {

/* Begin PBXBuildFile section */
		541C19581D5E40129C1757A8 /* Pods_wallet.framework in Frameworks */ = {isa = PBXBuildFile; fileRef = C9C98DC4F4721DB056807636 /* Pods_wallet.framework */; };
		8C0918FA2105F75200703224 /* Tutorial.storyboard in Resources */ = {isa = PBXBuildFile; fileRef = 8C0918F92105F75200703224 /* Tutorial.storyboard */; };
		8C0918FC2105F75900703224 /* Login.storyboard in Resources */ = {isa = PBXBuildFile; fileRef = 8C0918FB2105F75900703224 /* Login.storyboard */; };
		8C0918FE2105F76200703224 /* Registration.storyboard in Resources */ = {isa = PBXBuildFile; fileRef = 8C0918FD2105F76200703224 /* Registration.storyboard */; };
		8C091900210601F300703224 /* ForgotPassword.storyboard in Resources */ = {isa = PBXBuildFile; fileRef = 8C0918FF210601F300703224 /* ForgotPassword.storyboard */; };
		8C091906210605AF00703224 /* Router.swift in Sources */ = {isa = PBXBuildFile; fileRef = 8C091905210605AF00703224 /* Router.swift */; };
		8C091908210605FA00703224 /* InitialRouter.swift in Sources */ = {isa = PBXBuildFile; fileRef = 8C091907210605FA00703224 /* InitialRouter.swift */; };
		8C09190A2106068D00703224 /* OnboardingRouter.swift in Sources */ = {isa = PBXBuildFile; fileRef = 8C0919092106068D00703224 /* OnboardingRouter.swift */; };
		8C09192621061C0600703224 /* Coordinator.swift in Sources */ = {isa = PBXBuildFile; fileRef = 8C09192521061C0600703224 /* Coordinator.swift */; };
		8C09192821061C6000703224 /* RegistrationCoordinator.swift in Sources */ = {isa = PBXBuildFile; fileRef = 8C09192721061C6000703224 /* RegistrationCoordinator.swift */; };
		8C09192D21061F3600703224 /* ControllerHelper.swift in Sources */ = {isa = PBXBuildFile; fileRef = 8C09192C21061F3600703224 /* ControllerHelper.swift */; };
		8C091934210620C800703224 /* OnboardingViewController.swift in Sources */ = {isa = PBXBuildFile; fileRef = 8C091933210620C800703224 /* OnboardingViewController.swift */; };
		8C091936210621D800703224 /* OnboardingViewPresenter.swift in Sources */ = {isa = PBXBuildFile; fileRef = 8C091935210621D800703224 /* OnboardingViewPresenter.swift */; };
		8C091938210622AA00703224 /* Request.swift in Sources */ = {isa = PBXBuildFile; fileRef = 8C091937210622AA00703224 /* Request.swift */; };
		8C09193B210623F200703224 /* Environment.swift in Sources */ = {isa = PBXBuildFile; fileRef = 8C09193A210623F200703224 /* Environment.swift */; };
		8C09193D2106243600703224 /* Response.swift in Sources */ = {isa = PBXBuildFile; fileRef = 8C09193C2106243600703224 /* Response.swift */; };
		8C09193F210625E500703224 /* Provider.swift in Sources */ = {isa = PBXBuildFile; fileRef = 8C09193E210625E500703224 /* Provider.swift */; };
		8C0919412106264200703224 /* Dispatcher.swift in Sources */ = {isa = PBXBuildFile; fileRef = 8C0919402106264200703224 /* Dispatcher.swift */; };
		8C0919432106268900703224 /* HTTPDispatcher.swift in Sources */ = {isa = PBXBuildFile; fileRef = 8C0919422106268900703224 /* HTTPDispatcher.swift */; };
		8C091949210714D800703224 /* NetworkService.swift in Sources */ = {isa = PBXBuildFile; fileRef = 8C091948210714D800703224 /* NetworkService.swift */; };
		8C09194B210716C500703224 /* SignupRequest.swift in Sources */ = {isa = PBXBuildFile; fileRef = 8C09194A210716C500703224 /* SignupRequest.swift */; };
		8C09194D2107214300703224 /* WalletEnvironment.swift in Sources */ = {isa = PBXBuildFile; fileRef = 8C09194C2107214300703224 /* WalletEnvironment.swift */; };
		8C09194F2107225700703224 /* SignupProvider.swift in Sources */ = {isa = PBXBuildFile; fileRef = 8C09194E2107225700703224 /* SignupProvider.swift */; };
		8C0919512107234B00703224 /* SignupAPI.swift in Sources */ = {isa = PBXBuildFile; fileRef = 8C0919502107234B00703224 /* SignupAPI.swift */; };
		8C0919532107320800703224 /* CodableFailure.swift in Sources */ = {isa = PBXBuildFile; fileRef = 8C0919522107320800703224 /* CodableFailure.swift */; };
		8C0919562107362300703224 /* CodableSuccess.swift in Sources */ = {isa = PBXBuildFile; fileRef = 8C0919552107362300703224 /* CodableSuccess.swift */; };
		8C09195821073ECC00703224 /* CodableError.swift in Sources */ = {isa = PBXBuildFile; fileRef = 8C09195721073ECC00703224 /* CodableError.swift */; };
		8C09195C2107511200703224 /* JSONInitializable.swift in Sources */ = {isa = PBXBuildFile; fileRef = 8C09195B2107511200703224 /* JSONInitializable.swift */; };
		8C09195F21076B5D00703224 /* RecoveryAPI.swift in Sources */ = {isa = PBXBuildFile; fileRef = 8C09195E21076B5D00703224 /* RecoveryAPI.swift */; };
		8C09196221076B7000703224 /* RecoveryProvider.swift in Sources */ = {isa = PBXBuildFile; fileRef = 8C09196121076B7000703224 /* RecoveryProvider.swift */; };
		8C09196421076B8200703224 /* RecoveryRequest.swift in Sources */ = {isa = PBXBuildFile; fileRef = 8C09196321076B8200703224 /* RecoveryRequest.swift */; };
		8C34616B20EF8FA700746724 /* AppDelegate.swift in Sources */ = {isa = PBXBuildFile; fileRef = 8C34616A20EF8FA700746724 /* AppDelegate.swift */; };
		8C34617020EF8FA700746724 /* Main.storyboard in Resources */ = {isa = PBXBuildFile; fileRef = 8C34616E20EF8FA700746724 /* Main.storyboard */; };
		8C34617220EF8FA900746724 /* Assets.xcassets in Resources */ = {isa = PBXBuildFile; fileRef = 8C34617120EF8FA900746724 /* Assets.xcassets */; };
		8C34617520EF8FA900746724 /* LaunchScreen.storyboard in Resources */ = {isa = PBXBuildFile; fileRef = 8C34617320EF8FA900746724 /* LaunchScreen.storyboard */; };
		8CF1DE4220EF98160036F986 /* AuthViewController.swift in Sources */ = {isa = PBXBuildFile; fileRef = 8CF1DE4120EF98160036F986 /* AuthViewController.swift */; };
		8CF1DE4520EFB1A70036F986 /* HorizontalScrollView.swift in Sources */ = {isa = PBXBuildFile; fileRef = 8CF1DE4420EFB1A70036F986 /* HorizontalScrollView.swift */; };
		8CF1DE4720F37B5E0036F986 /* SMSConfirmationViewController.swift in Sources */ = {isa = PBXBuildFile; fileRef = 8CF1DE4620F37B5E0036F986 /* SMSConfirmationViewController.swift */; };
		8CF1DE4920F3A0BB0036F986 /* PasswordRecoveryViewController.swift in Sources */ = {isa = PBXBuildFile; fileRef = 8CF1DE4820F3A0BB0036F986 /* PasswordRecoveryViewController.swift */; };
		8CF1DE4B20F3AD210036F986 /* NewPasswordViewController.swift in Sources */ = {isa = PBXBuildFile; fileRef = 8CF1DE4A20F3AD210036F986 /* NewPasswordViewController.swift */; };
		8CF1DE4D20F3BDB90036F986 /* KeyboardViewController.swift in Sources */ = {isa = PBXBuildFile; fileRef = 8CF1DE4C20F3BDB90036F986 /* KeyboardViewController.swift */; };
/* End PBXBuildFile section */

/* Begin PBXFileReference section */
		42ABDBB88471C035425F5733 /* Pods-wallet.release.xcconfig */ = {isa = PBXFileReference; includeInIndex = 1; lastKnownFileType = text.xcconfig; name = "Pods-wallet.release.xcconfig"; path = "Pods/Target Support Files/Pods-wallet/Pods-wallet.release.xcconfig"; sourceTree = "<group>"; };
		74C9F725CE2426EB7B82906E /* Pods-wallet.debug.xcconfig */ = {isa = PBXFileReference; includeInIndex = 1; lastKnownFileType = text.xcconfig; name = "Pods-wallet.debug.xcconfig"; path = "Pods/Target Support Files/Pods-wallet/Pods-wallet.debug.xcconfig"; sourceTree = "<group>"; };
		8C0918F92105F75200703224 /* Tutorial.storyboard */ = {isa = PBXFileReference; lastKnownFileType = file.storyboard; path = Tutorial.storyboard; sourceTree = "<group>"; };
		8C0918FB2105F75900703224 /* Login.storyboard */ = {isa = PBXFileReference; lastKnownFileType = file.storyboard; path = Login.storyboard; sourceTree = "<group>"; };
		8C0918FD2105F76200703224 /* Registration.storyboard */ = {isa = PBXFileReference; lastKnownFileType = file.storyboard; path = Registration.storyboard; sourceTree = "<group>"; };
		8C0918FF210601F300703224 /* ForgotPassword.storyboard */ = {isa = PBXFileReference; lastKnownFileType = file.storyboard; path = ForgotPassword.storyboard; sourceTree = "<group>"; };
		8C091905210605AF00703224 /* Router.swift */ = {isa = PBXFileReference; lastKnownFileType = sourcecode.swift; path = Router.swift; sourceTree = "<group>"; };
		8C091907210605FA00703224 /* InitialRouter.swift */ = {isa = PBXFileReference; lastKnownFileType = sourcecode.swift; path = InitialRouter.swift; sourceTree = "<group>"; };
		8C0919092106068D00703224 /* OnboardingRouter.swift */ = {isa = PBXFileReference; lastKnownFileType = sourcecode.swift; path = OnboardingRouter.swift; sourceTree = "<group>"; };
		8C09192521061C0600703224 /* Coordinator.swift */ = {isa = PBXFileReference; lastKnownFileType = sourcecode.swift; path = Coordinator.swift; sourceTree = "<group>"; };
		8C09192721061C6000703224 /* RegistrationCoordinator.swift */ = {isa = PBXFileReference; lastKnownFileType = sourcecode.swift; path = RegistrationCoordinator.swift; sourceTree = "<group>"; };
		8C09192C21061F3600703224 /* ControllerHelper.swift */ = {isa = PBXFileReference; fileEncoding = 4; lastKnownFileType = sourcecode.swift; path = ControllerHelper.swift; sourceTree = "<group>"; };
		8C091933210620C800703224 /* OnboardingViewController.swift */ = {isa = PBXFileReference; lastKnownFileType = sourcecode.swift; path = OnboardingViewController.swift; sourceTree = "<group>"; };
		8C091935210621D800703224 /* OnboardingViewPresenter.swift */ = {isa = PBXFileReference; lastKnownFileType = sourcecode.swift; path = OnboardingViewPresenter.swift; sourceTree = "<group>"; };
		8C091937210622AA00703224 /* Request.swift */ = {isa = PBXFileReference; lastKnownFileType = sourcecode.swift; path = Request.swift; sourceTree = "<group>"; };
		8C09193A210623F200703224 /* Environment.swift */ = {isa = PBXFileReference; lastKnownFileType = sourcecode.swift; path = Environment.swift; sourceTree = "<group>"; };
		8C09193C2106243600703224 /* Response.swift */ = {isa = PBXFileReference; lastKnownFileType = sourcecode.swift; path = Response.swift; sourceTree = "<group>"; };
		8C09193E210625E500703224 /* Provider.swift */ = {isa = PBXFileReference; lastKnownFileType = sourcecode.swift; path = Provider.swift; sourceTree = "<group>"; };
		8C0919402106264200703224 /* Dispatcher.swift */ = {isa = PBXFileReference; lastKnownFileType = sourcecode.swift; path = Dispatcher.swift; sourceTree = "<group>"; };
		8C0919422106268900703224 /* HTTPDispatcher.swift */ = {isa = PBXFileReference; lastKnownFileType = sourcecode.swift; path = HTTPDispatcher.swift; sourceTree = "<group>"; };
		8C091948210714D800703224 /* NetworkService.swift */ = {isa = PBXFileReference; lastKnownFileType = sourcecode.swift; path = NetworkService.swift; sourceTree = "<group>"; };
		8C09194A210716C500703224 /* SignupRequest.swift */ = {isa = PBXFileReference; lastKnownFileType = sourcecode.swift; path = SignupRequest.swift; sourceTree = "<group>"; };
		8C09194C2107214300703224 /* WalletEnvironment.swift */ = {isa = PBXFileReference; lastKnownFileType = sourcecode.swift; path = WalletEnvironment.swift; sourceTree = "<group>"; };
		8C09194E2107225700703224 /* SignupProvider.swift */ = {isa = PBXFileReference; lastKnownFileType = sourcecode.swift; path = SignupProvider.swift; sourceTree = "<group>"; };
		8C0919502107234B00703224 /* SignupAPI.swift */ = {isa = PBXFileReference; lastKnownFileType = sourcecode.swift; path = SignupAPI.swift; sourceTree = "<group>"; };
		8C0919522107320800703224 /* CodableFailure.swift */ = {isa = PBXFileReference; lastKnownFileType = sourcecode.swift; path = CodableFailure.swift; sourceTree = "<group>"; };
		8C0919552107362300703224 /* CodableSuccess.swift */ = {isa = PBXFileReference; lastKnownFileType = sourcecode.swift; path = CodableSuccess.swift; sourceTree = "<group>"; };
		8C09195721073ECC00703224 /* CodableError.swift */ = {isa = PBXFileReference; lastKnownFileType = sourcecode.swift; path = CodableError.swift; sourceTree = "<group>"; };
		8C09195B2107511200703224 /* JSONInitializable.swift */ = {isa = PBXFileReference; lastKnownFileType = sourcecode.swift; path = JSONInitializable.swift; sourceTree = "<group>"; };
		8C09195E21076B5D00703224 /* RecoveryAPI.swift */ = {isa = PBXFileReference; lastKnownFileType = sourcecode.swift; path = RecoveryAPI.swift; sourceTree = "<group>"; };
		8C09196121076B7000703224 /* RecoveryProvider.swift */ = {isa = PBXFileReference; lastKnownFileType = sourcecode.swift; path = RecoveryProvider.swift; sourceTree = "<group>"; };
		8C09196321076B8200703224 /* RecoveryRequest.swift */ = {isa = PBXFileReference; lastKnownFileType = sourcecode.swift; path = RecoveryRequest.swift; sourceTree = "<group>"; };
		8C34616720EF8FA700746724 /* wallet.app */ = {isa = PBXFileReference; explicitFileType = wrapper.application; includeInIndex = 0; path = wallet.app; sourceTree = BUILT_PRODUCTS_DIR; };
		8C34616A20EF8FA700746724 /* AppDelegate.swift */ = {isa = PBXFileReference; lastKnownFileType = sourcecode.swift; path = AppDelegate.swift; sourceTree = "<group>"; };
		8C34616F20EF8FA700746724 /* Base */ = {isa = PBXFileReference; lastKnownFileType = file.storyboard; name = Base; path = Base.lproj/Main.storyboard; sourceTree = "<group>"; };
		8C34617120EF8FA900746724 /* Assets.xcassets */ = {isa = PBXFileReference; lastKnownFileType = folder.assetcatalog; path = Assets.xcassets; sourceTree = "<group>"; };
		8C34617420EF8FA900746724 /* Base */ = {isa = PBXFileReference; lastKnownFileType = file.storyboard; name = Base; path = Base.lproj/LaunchScreen.storyboard; sourceTree = "<group>"; };
		8C34617620EF8FA900746724 /* Info.plist */ = {isa = PBXFileReference; lastKnownFileType = text.plist.xml; path = Info.plist; sourceTree = "<group>"; };
		8CF1DE4120EF98160036F986 /* AuthViewController.swift */ = {isa = PBXFileReference; lastKnownFileType = sourcecode.swift; path = AuthViewController.swift; sourceTree = "<group>"; };
		8CF1DE4420EFB1A70036F986 /* HorizontalScrollView.swift */ = {isa = PBXFileReference; lastKnownFileType = sourcecode.swift; path = HorizontalScrollView.swift; sourceTree = "<group>"; };
		8CF1DE4620F37B5E0036F986 /* SMSConfirmationViewController.swift */ = {isa = PBXFileReference; lastKnownFileType = sourcecode.swift; path = SMSConfirmationViewController.swift; sourceTree = "<group>"; };
		8CF1DE4820F3A0BB0036F986 /* PasswordRecoveryViewController.swift */ = {isa = PBXFileReference; lastKnownFileType = sourcecode.swift; path = PasswordRecoveryViewController.swift; sourceTree = "<group>"; };
		8CF1DE4A20F3AD210036F986 /* NewPasswordViewController.swift */ = {isa = PBXFileReference; lastKnownFileType = sourcecode.swift; path = NewPasswordViewController.swift; sourceTree = "<group>"; };
		8CF1DE4C20F3BDB90036F986 /* KeyboardViewController.swift */ = {isa = PBXFileReference; lastKnownFileType = sourcecode.swift; path = KeyboardViewController.swift; sourceTree = "<group>"; };
		C9C98DC4F4721DB056807636 /* Pods_wallet.framework */ = {isa = PBXFileReference; explicitFileType = wrapper.framework; includeInIndex = 0; path = Pods_wallet.framework; sourceTree = BUILT_PRODUCTS_DIR; };
/* End PBXFileReference section */

/* Begin PBXFrameworksBuildPhase section */
		8C34616420EF8FA700746724 /* Frameworks */ = {
			isa = PBXFrameworksBuildPhase;
			buildActionMask = 2147483647;
			files = (
				541C19581D5E40129C1757A8 /* Pods_wallet.framework in Frameworks */,
			);
			runOnlyForDeploymentPostprocessing = 0;
		};
/* End PBXFrameworksBuildPhase section */

/* Begin PBXGroup section */
		8C09192B21061ED800703224 /* Helpers */ = {
			isa = PBXGroup;
			children = (
				8C09192C21061F3600703224 /* ControllerHelper.swift */,
			);
			path = Helpers;
			sourceTree = "<group>";
		};
		8C09193021061F9300703224 /* Coordinators */ = {
			isa = PBXGroup;
			children = (
				8C09192521061C0600703224 /* Coordinator.swift */,
				8C09192721061C6000703224 /* RegistrationCoordinator.swift */,
			);
			path = Coordinators;
			sourceTree = "<group>";
		};
		8C0919312106205600703224 /* View */ = {
			isa = PBXGroup;
			children = (
			);
			path = View;
			sourceTree = "<group>";
		};
		8C0919322106206100703224 /* Controllers */ = {
			isa = PBXGroup;
			children = (
				8C091935210621D800703224 /* OnboardingViewPresenter.swift */,
				8C091933210620C800703224 /* OnboardingViewController.swift */,
			);
			path = Controllers;
			sourceTree = "<group>";
		};
		8C091939210622AF00703224 /* NetworkLayer */ = {
			isa = PBXGroup;
			children = (
				8C09195B2107511200703224 /* JSONInitializable.swift */,
				8C091937210622AA00703224 /* Request.swift */,
				8C09193A210623F200703224 /* Environment.swift */,
				8C09193C2106243600703224 /* Response.swift */,
				8C09193E210625E500703224 /* Provider.swift */,
				8C0919402106264200703224 /* Dispatcher.swift */,
				8C091948210714D800703224 /* NetworkService.swift */,
				8C091947210714AA00703224 /* WalletAPI */,
				8C0919442106284900703224 /* HTTP */,
			);
			path = NetworkLayer;
			sourceTree = "<group>";
		};
		8C0919442106284900703224 /* HTTP */ = {
			isa = PBXGroup;
			children = (
				8C0919422106268900703224 /* HTTPDispatcher.swift */,
			);
			path = HTTP;
			sourceTree = "<group>";
		};
		8C091947210714AA00703224 /* WalletAPI */ = {
			isa = PBXGroup;
			children = (
				8C09194C2107214300703224 /* WalletEnvironment.swift */,
				8C09196021076B6000703224 /* RecoveryAPI */,
				8C09195D21076B0800703224 /* SignupAPI */,
				8C0919542107347300703224 /* Codable */,
			);
			path = WalletAPI;
			sourceTree = "<group>";
		};
		8C0919542107347300703224 /* Codable */ = {
			isa = PBXGroup;
			children = (
				8C0919522107320800703224 /* CodableFailure.swift */,
				8C0919552107362300703224 /* CodableSuccess.swift */,
				8C09195721073ECC00703224 /* CodableError.swift */,
			);
			path = Codable;
			sourceTree = "<group>";
		};
		8C09195D21076B0800703224 /* SignupAPI */ = {
			isa = PBXGroup;
			children = (
				8C09194E2107225700703224 /* SignupProvider.swift */,
				8C09194A210716C500703224 /* SignupRequest.swift */,
				8C0919502107234B00703224 /* SignupAPI.swift */,
			);
			path = SignupAPI;
			sourceTree = "<group>";
		};
		8C09196021076B6000703224 /* RecoveryAPI */ = {
			isa = PBXGroup;
			children = (
				8C09196121076B7000703224 /* RecoveryProvider.swift */,
				8C09196321076B8200703224 /* RecoveryRequest.swift */,
				8C09195E21076B5D00703224 /* RecoveryAPI.swift */,
			);
			path = RecoveryAPI;
			sourceTree = "<group>";
		};
		8C34615E20EF8FA700746724 = {
			isa = PBXGroup;
			children = (
				8C34616920EF8FA700746724 /* wallet */,
				8C34616820EF8FA700746724 /* Products */,
				96F68B133DC137F5FC79CBFB /* Pods */,
				A80FB99567D0B30071513DAF /* Frameworks */,
			);
			sourceTree = "<group>";
		};
		8C34616820EF8FA700746724 /* Products */ = {
			isa = PBXGroup;
			children = (
				8C34616720EF8FA700746724 /* wallet.app */,
			);
			name = Products;
			sourceTree = "<group>";
		};
		8C34616920EF8FA700746724 /* wallet */ = {
			isa = PBXGroup;
			children = (
				8C09192B21061ED800703224 /* Helpers */,
				8C091939210622AF00703224 /* NetworkLayer */,
				8C09193021061F9300703224 /* Coordinators */,
				8C0919322106206100703224 /* Controllers */,
				8C0919312106205600703224 /* View */,
				8CF1DE4E20F3BFC30036F986 /* Base */,
				8CF1DE4320EF9D170036F986 /* Screens */,
				8C34616A20EF8FA700746724 /* AppDelegate.swift */,
				8C34616E20EF8FA700746724 /* Main.storyboard */,
				8C34617120EF8FA900746724 /* Assets.xcassets */,
				8C34617320EF8FA900746724 /* LaunchScreen.storyboard */,
				8C0918F92105F75200703224 /* Tutorial.storyboard */,
				8C0918FB2105F75900703224 /* Login.storyboard */,
				8C0918FD2105F76200703224 /* Registration.storyboard */,
				8C0918FF210601F300703224 /* ForgotPassword.storyboard */,
				8C34617620EF8FA900746724 /* Info.plist */,
			);
			path = wallet;
			sourceTree = "<group>";
		};
		8CF1DE4320EF9D170036F986 /* Screens */ = {
			isa = PBXGroup;
			children = (
				8CF1DE4120EF98160036F986 /* AuthViewController.swift */,
				8CF1DE4620F37B5E0036F986 /* SMSConfirmationViewController.swift */,
				8C091905210605AF00703224 /* Router.swift */,
				8C091907210605FA00703224 /* InitialRouter.swift */,
				8C0919092106068D00703224 /* OnboardingRouter.swift */,
				8CF1DE4820F3A0BB0036F986 /* PasswordRecoveryViewController.swift */,
				8CF1DE4A20F3AD210036F986 /* NewPasswordViewController.swift */,
			);
			path = Screens;
			sourceTree = "<group>";
		};
		8CF1DE4E20F3BFC30036F986 /* Base */ = {
			isa = PBXGroup;
			children = (
				8CF1DE4C20F3BDB90036F986 /* KeyboardViewController.swift */,
				8CF1DE4420EFB1A70036F986 /* HorizontalScrollView.swift */,
			);
			path = Base;
			sourceTree = "<group>";
		};
		96F68B133DC137F5FC79CBFB /* Pods */ = {
			isa = PBXGroup;
			children = (
				74C9F725CE2426EB7B82906E /* Pods-wallet.debug.xcconfig */,
				42ABDBB88471C035425F5733 /* Pods-wallet.release.xcconfig */,
			);
			name = Pods;
			sourceTree = "<group>";
		};
		A80FB99567D0B30071513DAF /* Frameworks */ = {
			isa = PBXGroup;
			children = (
				C9C98DC4F4721DB056807636 /* Pods_wallet.framework */,
			);
			name = Frameworks;
			sourceTree = "<group>";
		};
/* End PBXGroup section */

/* Begin PBXNativeTarget section */
		8C34616620EF8FA700746724 /* wallet */ = {
			isa = PBXNativeTarget;
			buildConfigurationList = 8C34617920EF8FA900746724 /* Build configuration list for PBXNativeTarget "wallet" */;
			buildPhases = (
				1B67D123CB5B5B983AA999A1 /* [CP] Check Pods Manifest.lock */,
				8C34616320EF8FA700746724 /* Sources */,
				8C34616420EF8FA700746724 /* Frameworks */,
				8C34616520EF8FA700746724 /* Resources */,
				4C67692F34AE6F68E056DB05 /* [CP] Embed Pods Frameworks */,
			);
			buildRules = (
			);
			dependencies = (
			);
			name = wallet;
			productName = wallet;
			productReference = 8C34616720EF8FA700746724 /* wallet.app */;
			productType = "com.apple.product-type.application";
		};
/* End PBXNativeTarget section */

/* Begin PBXProject section */
		8C34615F20EF8FA700746724 /* Project object */ = {
			isa = PBXProject;
			attributes = {
				LastSwiftUpdateCheck = 0940;
				LastUpgradeCheck = 0940;
				ORGANIZATIONNAME = zamzam;
				TargetAttributes = {
					8C34616620EF8FA700746724 = {
						CreatedOnToolsVersion = 9.4.1;
					};
				};
			};
			buildConfigurationList = 8C34616220EF8FA700746724 /* Build configuration list for PBXProject "wallet" */;
			compatibilityVersion = "Xcode 9.3";
			developmentRegion = en;
			hasScannedForEncodings = 0;
			knownRegions = (
				en,
				Base,
			);
			mainGroup = 8C34615E20EF8FA700746724;
			productRefGroup = 8C34616820EF8FA700746724 /* Products */;
			projectDirPath = "";
			projectRoot = "";
			targets = (
				8C34616620EF8FA700746724 /* wallet */,
			);
		};
/* End PBXProject section */

/* Begin PBXResourcesBuildPhase section */
		8C34616520EF8FA700746724 /* Resources */ = {
			isa = PBXResourcesBuildPhase;
			buildActionMask = 2147483647;
			files = (
				8C34617520EF8FA900746724 /* LaunchScreen.storyboard in Resources */,
				8C0918FE2105F76200703224 /* Registration.storyboard in Resources */,
				8C34617220EF8FA900746724 /* Assets.xcassets in Resources */,
				8C0918FA2105F75200703224 /* Tutorial.storyboard in Resources */,
				8C0918FC2105F75900703224 /* Login.storyboard in Resources */,
				8C091900210601F300703224 /* ForgotPassword.storyboard in Resources */,
				8C34617020EF8FA700746724 /* Main.storyboard in Resources */,
			);
			runOnlyForDeploymentPostprocessing = 0;
		};
/* End PBXResourcesBuildPhase section */

/* Begin PBXShellScriptBuildPhase section */
		1B67D123CB5B5B983AA999A1 /* [CP] Check Pods Manifest.lock */ = {
			isa = PBXShellScriptBuildPhase;
			buildActionMask = 2147483647;
			files = (
			);
			inputPaths = (
				"${PODS_PODFILE_DIR_PATH}/Podfile.lock",
				"${PODS_ROOT}/Manifest.lock",
			);
			name = "[CP] Check Pods Manifest.lock";
			outputPaths = (
				"$(DERIVED_FILE_DIR)/Pods-wallet-checkManifestLockResult.txt",
			);
			runOnlyForDeploymentPostprocessing = 0;
			shellPath = /bin/sh;
			shellScript = "diff \"${PODS_PODFILE_DIR_PATH}/Podfile.lock\" \"${PODS_ROOT}/Manifest.lock\" > /dev/null\nif [ $? != 0 ] ; then\n    # print error to STDERR\n    echo \"error: The sandbox is not in sync with the Podfile.lock. Run 'pod install' or update your CocoaPods installation.\" >&2\n    exit 1\nfi\n# This output is used by Xcode 'outputs' to avoid re-running this script phase.\necho \"SUCCESS\" > \"${SCRIPT_OUTPUT_FILE_0}\"\n";
			showEnvVarsInLog = 0;
		};
		4C67692F34AE6F68E056DB05 /* [CP] Embed Pods Frameworks */ = {
			isa = PBXShellScriptBuildPhase;
			buildActionMask = 2147483647;
			files = (
			);
			inputPaths = (
				"${SRCROOT}/Pods/Target Support Files/Pods-wallet/Pods-wallet-frameworks.sh",
				"${BUILT_PRODUCTS_DIR}/PromiseKit/PromiseKit.framework",
				"${BUILT_PRODUCTS_DIR}/SwiftyJSON/SwiftyJSON.framework",
			);
			name = "[CP] Embed Pods Frameworks";
			outputPaths = (
				"${TARGET_BUILD_DIR}/${FRAMEWORKS_FOLDER_PATH}/PromiseKit.framework",
				"${TARGET_BUILD_DIR}/${FRAMEWORKS_FOLDER_PATH}/SwiftyJSON.framework",
			);
			runOnlyForDeploymentPostprocessing = 0;
			shellPath = /bin/sh;
			shellScript = "\"${SRCROOT}/Pods/Target Support Files/Pods-wallet/Pods-wallet-frameworks.sh\"\n";
			showEnvVarsInLog = 0;
		};
/* End PBXShellScriptBuildPhase section */

/* Begin PBXSourcesBuildPhase section */
		8C34616320EF8FA700746724 /* Sources */ = {
			isa = PBXSourcesBuildPhase;
			buildActionMask = 2147483647;
			files = (
				8C09196421076B8200703224 /* RecoveryRequest.swift in Sources */,
				8C091906210605AF00703224 /* Router.swift in Sources */,
				8C091938210622AA00703224 /* Request.swift in Sources */,
				8C091949210714D800703224 /* NetworkService.swift in Sources */,
				8C091936210621D800703224 /* OnboardingViewPresenter.swift in Sources */,
				8CF1DE4220EF98160036F986 /* AuthViewController.swift in Sources */,
				8C09193D2106243600703224 /* Response.swift in Sources */,
				8C0919512107234B00703224 /* SignupAPI.swift in Sources */,
				8C091934210620C800703224 /* OnboardingViewController.swift in Sources */,
				8CF1DE4720F37B5E0036F986 /* SMSConfirmationViewController.swift in Sources */,
				8C09194D2107214300703224 /* WalletEnvironment.swift in Sources */,
				8C09192D21061F3600703224 /* ControllerHelper.swift in Sources */,
				8C09196221076B7000703224 /* RecoveryProvider.swift in Sources */,
				8C091908210605FA00703224 /* InitialRouter.swift in Sources */,
				8CF1DE4B20F3AD210036F986 /* NewPasswordViewController.swift in Sources */,
				8C09193F210625E500703224 /* Provider.swift in Sources */,
				8C09194F2107225700703224 /* SignupProvider.swift in Sources */,
				8C09190A2106068D00703224 /* OnboardingRouter.swift in Sources */,
				8C09192621061C0600703224 /* Coordinator.swift in Sources */,
				8C09195821073ECC00703224 /* CodableError.swift in Sources */,
				8CF1DE4520EFB1A70036F986 /* HorizontalScrollView.swift in Sources */,
				8C0919412106264200703224 /* Dispatcher.swift in Sources */,
				8CF1DE4D20F3BDB90036F986 /* KeyboardViewController.swift in Sources */,
				8C09195C2107511200703224 /* JSONInitializable.swift in Sources */,
				8C09192821061C6000703224 /* RegistrationCoordinator.swift in Sources */,
				8CF1DE4920F3A0BB0036F986 /* PasswordRecoveryViewController.swift in Sources */,
				8C0919562107362300703224 /* CodableSuccess.swift in Sources */,
				8C09195F21076B5D00703224 /* RecoveryAPI.swift in Sources */,
				8C34616B20EF8FA700746724 /* AppDelegate.swift in Sources */,
				8C09194B210716C500703224 /* SignupRequest.swift in Sources */,
				8C0919532107320800703224 /* CodableFailure.swift in Sources */,
				8C09193B210623F200703224 /* Environment.swift in Sources */,
				8C0919432106268900703224 /* HTTPDispatcher.swift in Sources */,
			);
			runOnlyForDeploymentPostprocessing = 0;
		};
/* End PBXSourcesBuildPhase section */

/* Begin PBXVariantGroup section */
		8C34616E20EF8FA700746724 /* Main.storyboard */ = {
			isa = PBXVariantGroup;
			children = (
				8C34616F20EF8FA700746724 /* Base */,
			);
			name = Main.storyboard;
			sourceTree = "<group>";
		};
		8C34617320EF8FA900746724 /* LaunchScreen.storyboard */ = {
			isa = PBXVariantGroup;
			children = (
				8C34617420EF8FA900746724 /* Base */,
			);
			name = LaunchScreen.storyboard;
			sourceTree = "<group>";
		};
/* End PBXVariantGroup section */

/* Begin XCBuildConfiguration section */
		8C34617720EF8FA900746724 /* Debug */ = {
			isa = XCBuildConfiguration;
			buildSettings = {
				ALWAYS_SEARCH_USER_PATHS = NO;
				CLANG_ANALYZER_NONNULL = YES;
				CLANG_ANALYZER_NUMBER_OBJECT_CONVERSION = YES_AGGRESSIVE;
				CLANG_CXX_LANGUAGE_STANDARD = "gnu++14";
				CLANG_CXX_LIBRARY = "libc++";
				CLANG_ENABLE_MODULES = YES;
				CLANG_ENABLE_OBJC_ARC = YES;
				CLANG_ENABLE_OBJC_WEAK = YES;
				CLANG_WARN_BLOCK_CAPTURE_AUTORELEASING = YES;
				CLANG_WARN_BOOL_CONVERSION = YES;
				CLANG_WARN_COMMA = YES;
				CLANG_WARN_CONSTANT_CONVERSION = YES;
				CLANG_WARN_DEPRECATED_OBJC_IMPLEMENTATIONS = YES;
				CLANG_WARN_DIRECT_OBJC_ISA_USAGE = YES_ERROR;
				CLANG_WARN_DOCUMENTATION_COMMENTS = YES;
				CLANG_WARN_EMPTY_BODY = YES;
				CLANG_WARN_ENUM_CONVERSION = YES;
				CLANG_WARN_INFINITE_RECURSION = YES;
				CLANG_WARN_INT_CONVERSION = YES;
				CLANG_WARN_NON_LITERAL_NULL_CONVERSION = YES;
				CLANG_WARN_OBJC_IMPLICIT_RETAIN_SELF = YES;
				CLANG_WARN_OBJC_LITERAL_CONVERSION = YES;
				CLANG_WARN_OBJC_ROOT_CLASS = YES_ERROR;
				CLANG_WARN_RANGE_LOOP_ANALYSIS = YES;
				CLANG_WARN_STRICT_PROTOTYPES = YES;
				CLANG_WARN_SUSPICIOUS_MOVE = YES;
				CLANG_WARN_UNGUARDED_AVAILABILITY = YES_AGGRESSIVE;
				CLANG_WARN_UNREACHABLE_CODE = YES;
				CLANG_WARN__DUPLICATE_METHOD_MATCH = YES;
				CODE_SIGN_IDENTITY = "iPhone Developer";
				COPY_PHASE_STRIP = NO;
				DEBUG_INFORMATION_FORMAT = dwarf;
				ENABLE_STRICT_OBJC_MSGSEND = YES;
				ENABLE_TESTABILITY = YES;
				GCC_C_LANGUAGE_STANDARD = gnu11;
				GCC_DYNAMIC_NO_PIC = NO;
				GCC_NO_COMMON_BLOCKS = YES;
				GCC_OPTIMIZATION_LEVEL = 0;
				GCC_PREPROCESSOR_DEFINITIONS = (
					"DEBUG=1",
					"$(inherited)",
				);
				GCC_WARN_64_TO_32_BIT_CONVERSION = YES;
				GCC_WARN_ABOUT_RETURN_TYPE = YES_ERROR;
				GCC_WARN_UNDECLARED_SELECTOR = YES;
				GCC_WARN_UNINITIALIZED_AUTOS = YES_AGGRESSIVE;
				GCC_WARN_UNUSED_FUNCTION = YES;
				GCC_WARN_UNUSED_VARIABLE = YES;
				IPHONEOS_DEPLOYMENT_TARGET = 11.4;
				MTL_ENABLE_DEBUG_INFO = YES;
				ONLY_ACTIVE_ARCH = YES;
				SDKROOT = iphoneos;
				SWIFT_ACTIVE_COMPILATION_CONDITIONS = DEBUG;
				SWIFT_OPTIMIZATION_LEVEL = "-Onone";
			};
			name = Debug;
		};
		8C34617820EF8FA900746724 /* Release */ = {
			isa = XCBuildConfiguration;
			buildSettings = {
				ALWAYS_SEARCH_USER_PATHS = NO;
				CLANG_ANALYZER_NONNULL = YES;
				CLANG_ANALYZER_NUMBER_OBJECT_CONVERSION = YES_AGGRESSIVE;
				CLANG_CXX_LANGUAGE_STANDARD = "gnu++14";
				CLANG_CXX_LIBRARY = "libc++";
				CLANG_ENABLE_MODULES = YES;
				CLANG_ENABLE_OBJC_ARC = YES;
				CLANG_ENABLE_OBJC_WEAK = YES;
				CLANG_WARN_BLOCK_CAPTURE_AUTORELEASING = YES;
				CLANG_WARN_BOOL_CONVERSION = YES;
				CLANG_WARN_COMMA = YES;
				CLANG_WARN_CONSTANT_CONVERSION = YES;
				CLANG_WARN_DEPRECATED_OBJC_IMPLEMENTATIONS = YES;
				CLANG_WARN_DIRECT_OBJC_ISA_USAGE = YES_ERROR;
				CLANG_WARN_DOCUMENTATION_COMMENTS = YES;
				CLANG_WARN_EMPTY_BODY = YES;
				CLANG_WARN_ENUM_CONVERSION = YES;
				CLANG_WARN_INFINITE_RECURSION = YES;
				CLANG_WARN_INT_CONVERSION = YES;
				CLANG_WARN_NON_LITERAL_NULL_CONVERSION = YES;
				CLANG_WARN_OBJC_IMPLICIT_RETAIN_SELF = YES;
				CLANG_WARN_OBJC_LITERAL_CONVERSION = YES;
				CLANG_WARN_OBJC_ROOT_CLASS = YES_ERROR;
				CLANG_WARN_RANGE_LOOP_ANALYSIS = YES;
				CLANG_WARN_STRICT_PROTOTYPES = YES;
				CLANG_WARN_SUSPICIOUS_MOVE = YES;
				CLANG_WARN_UNGUARDED_AVAILABILITY = YES_AGGRESSIVE;
				CLANG_WARN_UNREACHABLE_CODE = YES;
				CLANG_WARN__DUPLICATE_METHOD_MATCH = YES;
				CODE_SIGN_IDENTITY = "iPhone Developer";
				COPY_PHASE_STRIP = NO;
				DEBUG_INFORMATION_FORMAT = "dwarf-with-dsym";
				ENABLE_NS_ASSERTIONS = NO;
				ENABLE_STRICT_OBJC_MSGSEND = YES;
				GCC_C_LANGUAGE_STANDARD = gnu11;
				GCC_NO_COMMON_BLOCKS = YES;
				GCC_WARN_64_TO_32_BIT_CONVERSION = YES;
				GCC_WARN_ABOUT_RETURN_TYPE = YES_ERROR;
				GCC_WARN_UNDECLARED_SELECTOR = YES;
				GCC_WARN_UNINITIALIZED_AUTOS = YES_AGGRESSIVE;
				GCC_WARN_UNUSED_FUNCTION = YES;
				GCC_WARN_UNUSED_VARIABLE = YES;
				IPHONEOS_DEPLOYMENT_TARGET = 11.4;
				MTL_ENABLE_DEBUG_INFO = NO;
				SDKROOT = iphoneos;
				SWIFT_COMPILATION_MODE = wholemodule;
				SWIFT_OPTIMIZATION_LEVEL = "-O";
				VALIDATE_PRODUCT = YES;
			};
			name = Release;
		};
		8C34617A20EF8FA900746724 /* Debug */ = {
			isa = XCBuildConfiguration;
			baseConfigurationReference = 74C9F725CE2426EB7B82906E /* Pods-wallet.debug.xcconfig */;
			buildSettings = {
				ASSETCATALOG_COMPILER_APPICON_NAME = AppIcon;
				CODE_SIGN_STYLE = Automatic;
				DEVELOPMENT_TEAM = M5P9F3VZ7T;
				INFOPLIST_FILE = wallet/Info.plist;
				IPHONEOS_DEPLOYMENT_TARGET = 9.3;
				LD_RUNPATH_SEARCH_PATHS = (
					"$(inherited)",
					"@executable_path/Frameworks",
				);
				PRODUCT_BUNDLE_IDENTIFIER = zamzam.wallet;
				PRODUCT_NAME = "$(TARGET_NAME)";
				SWIFT_VERSION = 4.0;
				TARGETED_DEVICE_FAMILY = "1,2";
			};
			name = Debug;
		};
		8C34617B20EF8FA900746724 /* Release */ = {
			isa = XCBuildConfiguration;
			baseConfigurationReference = 42ABDBB88471C035425F5733 /* Pods-wallet.release.xcconfig */;
			buildSettings = {
				ASSETCATALOG_COMPILER_APPICON_NAME = AppIcon;
				CODE_SIGN_STYLE = Automatic;
				DEVELOPMENT_TEAM = M5P9F3VZ7T;
				INFOPLIST_FILE = wallet/Info.plist;
				IPHONEOS_DEPLOYMENT_TARGET = 9.3;
				LD_RUNPATH_SEARCH_PATHS = (
					"$(inherited)",
					"@executable_path/Frameworks",
				);
				PRODUCT_BUNDLE_IDENTIFIER = zamzam.wallet;
				PRODUCT_NAME = "$(TARGET_NAME)";
				SWIFT_VERSION = 4.0;
				TARGETED_DEVICE_FAMILY = "1,2";
			};
			name = Release;
		};
/* End XCBuildConfiguration section */

/* Begin XCConfigurationList section */
		8C34616220EF8FA700746724 /* Build configuration list for PBXProject "wallet" */ = {
			isa = XCConfigurationList;
			buildConfigurations = (
				8C34617720EF8FA900746724 /* Debug */,
				8C34617820EF8FA900746724 /* Release */,
			);
			defaultConfigurationIsVisible = 0;
			defaultConfigurationName = Release;
		};
		8C34617920EF8FA900746724 /* Build configuration list for PBXNativeTarget "wallet" */ = {
			isa = XCConfigurationList;
			buildConfigurations = (
				8C34617A20EF8FA900746724 /* Debug */,
				8C34617B20EF8FA900746724 /* Release */,
			);
			defaultConfigurationIsVisible = 0;
			defaultConfigurationName = Release;
		};
/* End XCConfigurationList section */
	};
	rootObject = 8C34615F20EF8FA700746724 /* Project object */;
}
